
Microsoft Visual Studio Solution File, Format Version 12.00
# Visual Studio 15
VisualStudioVersion = 15.0.28010.2019
MinimumVisualStudioVersion = 10.0.40219.1
Project("{FAE04EC0-301F-11D3-BF4B-00C04F79EFBC}") = "RESTService", "RESTService\RESTService.csproj", "{12BA3422-C432-4FCC-827B-64E19B824062}"
EndProject
Global
	GlobalSection(SolutionConfigurationPlatforms) = preSolution
		Debug|Any CPU = Debug|Any CPU
		Release|Any CPU = Release|Any CPU
	EndGlobalSection
	GlobalSection(ProjectConfigurationPlatforms) = postSolution
		{12BA3422-C432-4FCC-827B-64E19B824062}.Debug|Any CPU.ActiveCfg = Debug|Any CPU
		{12BA3422-C432-4FCC-827B-64E19B824062}.Debug|Any CPU.Build.0 = Debug|Any CPU
		{12BA3422-C432-4FCC-827B-64E19B824062}.Release|Any CPU.ActiveCfg = Release|Any CPU
		{12BA3422-C432-4FCC-827B-64E19B824062}.Release|Any CPU.Build.0 = Release|Any CPU
	EndGlobalSection
	GlobalSection(SolutionProperties) = preSolution
		HideSolutionNode = FALSE
	EndGlobalSection
	GlobalSection(ExtensibilityGlobals) = postSolution
		SolutionGuid = {55C2F917-D690-4071-B008-AC2F0D7B7088}
	EndGlobalSection
EndGlobal
